<?xml version="1.0" encoding="utf-8"?>
<Project ToolsVersion="4.0" xmlns="http://schemas.microsoft.com/developer/msbuild/2003">
  <ItemGroup>
    <Filter Include="DirectXTex">
      <UniqueIdentifier>{A90EE592-95C6-26E0-FECD-FF3BEAA4C1D0}</UniqueIdentifier>
    </Filter>
    <Filter Include="DirectXTex\include">
      <UniqueIdentifier>{1CCFC656-08B3-87AC-7113-82FF5D16722E}</UniqueIdentifier>
    </Filter>
    <Filter Include="Engine">
      <UniqueIdentifier>{DBC7D3B0-C769-FE86-B024-12DB9C6585D7}</UniqueIdentifier>
    </Filter>
    <Filter Include="Engine\3DObjects">
      <UniqueIdentifier>{0BD3889D-F7CB-A7EF-20FE-8C740C5687FB}</UniqueIdentifier>
    </Filter>
    <Filter Include="Engine\Application">
      <UniqueIdentifier>{1EA4C00C-0A88-8162-73E8-7BB55FEB6BE4}</UniqueIdentifier>
    </Filter>
    <Filter Include="Engine\Config">
      <UniqueIdentifier>{807E9034-EC3E-0C6B-B579-55E821F95047}</UniqueIdentifier>
    </Filter>
    <Filter Include="Engine\ECS">
      <UniqueIdentifier>{A531F502-91E9-3650-FAF0-0FACE6C7D140}</UniqueIdentifier>
    </Filter>
    <Filter Include="Engine\ECS\Components">
      <UniqueIdentifier>{9AA5BC9E-0612-7899-CF05-10F73B319A01}</UniqueIdentifier>
    </Filter>
    <Filter Include="Engine\ECS\Systems">
      <UniqueIdentifier>{AC5CA585-9840-66DB-01A1-602EEDA3505D}</UniqueIdentifier>
    </Filter>
    <Filter Include="Engine\GraphicsAPI">
      <UniqueIdentifier>{B567E6D3-A14B-A729-0AAC-A17CF6AE91AB}</UniqueIdentifier>
    </Filter>
    <Filter Include="Engine\Shaders">
      <UniqueIdentifier>{B4970385-A065-F78A-89F9-67B17566D3EF}</UniqueIdentifier>
    </Filter>
    <Filter Include="Engine\Vectors">
      <UniqueIdentifier>{B0F51F65-9CC3-136B-8557-849171C4EFCF}</UniqueIdentifier>
    </Filter>
    <Filter Include="FreeImage">
      <UniqueIdentifier>{2AA92D51-9613-E2C7-DF51-936D4BFBBF1C}</UniqueIdentifier>
    </Filter>
    <Filter Include="FreeImage\include">
      <UniqueIdentifier>{9D5ABE6B-0971-BC01-52E8-4723BE3D8D89}</UniqueIdentifier>
    </Filter>
    <Filter Include="cereal">
      <UniqueIdentifier>{B1A331F6-9D45-5CCC-8600-70207241E31C}</UniqueIdentifier>
    </Filter>
    <Filter Include="cereal\cereal">
      <UniqueIdentifier>{EC386449-58F9-DF7F-2134-29FD8DB3245C}</UniqueIdentifier>
    </Filter>
    <Filter Include="cereal\cereal\archives">
      <UniqueIdentifier>{B0BA1E41-9CB4-4793-8521-DEA371BAADFF}</UniqueIdentifier>
    </Filter>
    <Filter Include="cereal\cereal\details">
      <UniqueIdentifier>{6155AD6E-CDC1-6869-96B5-00C702E18AD1}</UniqueIdentifier>
    </Filter>
    <Filter Include="cereal\cereal\external">
      <UniqueIdentifier>{BEB079E7-AAAA-A239-9317-394A7FB008A6}</UniqueIdentifier>
    </Filter>
    <Filter Include="cereal\cereal\external\rapidjson">
      <UniqueIdentifier>{F7BF26D6-E310-1218-0C75-00DAF824A581}</UniqueIdentifier>
    </Filter>
    <Filter Include="cereal\cereal\external\rapidjson\error">
      <UniqueIdentifier>{903471C8-7C86-48B8-65A5-85C8519661A1}</UniqueIdentifier>
    </Filter>
    <Filter Include="cereal\cereal\external\rapidjson\internal">
      <UniqueIdentifier>{2348B95C-8F62-1CFE-D884-2C9244DE4305}</UniqueIdentifier>
    </Filter>
    <Filter Include="cereal\cereal\external\rapidjson\msinttypes">
      <UniqueIdentifier>{667FE059-D2E4-73E0-5BBD-15B9C721694F}</UniqueIdentifier>
    </Filter>
    <Filter Include="cereal\cereal\external\rapidxml">
      <UniqueIdentifier>{2EAD1873-9A90-27B3-A393-55EF0FF6ED03}</UniqueIdentifier>
    </Filter>
    <Filter Include="cereal\cereal\types">
      <UniqueIdentifier>{B00D78EE-1C6F-55FC-A5DC-9BAE113D8CBB}</UniqueIdentifier>
    </Filter>
    <Filter Include="cereal\cereal\types\concepts">
      <UniqueIdentifier>{BE1AB92E-AAD5-A8DA-538D-21253F27F36A}</UniqueIdentifier>
    </Filter>
    <Filter Include="glfw-3.3.8.bin.WIN64">
      <UniqueIdentifier>{C9DD885D-B56C-1227-5E8B-26224AF922CD}</UniqueIdentifier>
    </Filter>
    <Filter Include="glfw-3.3.8.bin.WIN64\include">
      <UniqueIdentifier>{3CBE5743-2879-47EF-D130-C039BDCA917F}</UniqueIdentifier>
    </Filter>
    <Filter Include="glfw-3.3.8.bin.WIN64\include\GLFW">
      <UniqueIdentifier>{FBBE4EB5-672D-A434-B016-5F341CC499D0}</UniqueIdentifier>
    </Filter>
    <Filter Include="imgui">
      <UniqueIdentifier>{0098A80F-6CAC-D0C0-352E-7420A101CDF1}</UniqueIdentifier>
    </Filter>
    <Filter Include="imgui\include">
      <UniqueIdentifier>{73BF4D15-DF7F-C94B-A8BA-12C9143A0E28}</UniqueIdentifier>
    </Filter>
    <Filter Include="include">
      <UniqueIdentifier>{89AF369E-F58E-B539-FEA6-40106A051C9B}</UniqueIdentifier>
    </Filter>
    <Filter Include="nlohmannjson">
      <UniqueIdentifier>{FAEEE682-E651-7627-8FD7-AEDD7B1942AA}</UniqueIdentifier>
    </Filter>
  </ItemGroup>
  <ItemGroup>
    <ClInclude Include="Source\DirectXTex\include\DirectXTex.h">
      <Filter>DirectXTex\include</Filter>
    </ClInclude>
    <ClInclude Include="Source\FreeImage\include\FreeImage.h">
      <Filter>FreeImage\include</Filter>
    </ClInclude>
    <ClInclude Include="Source\cereal\cereal\access.hpp">
      <Filter>cereal\cereal</Filter>
    </ClInclude>
    <ClInclude Include="Source\cereal\cereal\archives\adapters.hpp">
      <Filter>cereal\cereal\archives</Filter>
    </ClInclude>
    <ClInclude Include="Source\cereal\cereal\archives\binary.hpp">
      <Filter>cereal\cereal\archives</Filter>
    </ClInclude>
    <ClInclude Include="Source\cereal\cereal\archives\json.hpp">
      <Filter>cereal\cereal\archives</Filter>
    </ClInclude>
    <ClInclude Include="Source\cereal\cereal\archives\portable_binary.hpp">
      <Filter>cereal\cereal\archives</Filter>
    </ClInclude>
    <ClInclude Include="Source\cereal\cereal\archives\xml.hpp">
      <Filter>cereal\cereal\archives</Filter>
    </ClInclude>
    <ClInclude Include="Source\cereal\cereal\cereal.hpp">
      <Filter>cereal\cereal</Filter>
    </ClInclude>
    <ClInclude Include="Source\cereal\cereal\details\helpers.hpp">
      <Filter>cereal\cereal\details</Filter>
    </ClInclude>
    <ClInclude Include="Source\cereal\cereal\details\polymorphic_impl.hpp">
      <Filter>cereal\cereal\details</Filter>
    </ClInclude>
    <ClInclude Include="Source\cereal\cereal\details\polymorphic_impl_fwd.hpp">
      <Filter>cereal\cereal\details</Filter>
    </ClInclude>
    <ClInclude Include="Source\cereal\cereal\details\static_object.hpp">
      <Filter>cereal\cereal\details</Filter>
    </ClInclude>
    <ClInclude Include="Source\cereal\cereal\details\traits.hpp">
      <Filter>cereal\cereal\details</Filter>
    </ClInclude>
    <ClInclude Include="Source\cereal\cereal\details\util.hpp">
      <Filter>cereal\cereal\details</Filter>
    </ClInclude>
    <ClInclude Include="Source\cereal\cereal\external\base64.hpp">
      <Filter>cereal\cereal\external</Filter>
    </ClInclude>
    <ClInclude Include="Source\cereal\cereal\external\rapidjson\allocators.h">
      <Filter>cereal\cereal\external\rapidjson</Filter>
    </ClInclude>
    <ClInclude Include="Source\cereal\cereal\external\rapidjson\cursorstreamwrapper.h">
      <Filter>cereal\cereal\external\rapidjson</Filter>
    </ClInclude>
    <ClInclude Include="Source\cereal\cereal\external\rapidjson\document.h">
      <Filter>cereal\cereal\external\rapidjson</Filter>
    </ClInclude>
    <ClInclude Include="Source\cereal\cereal\external\rapidjson\encodedstream.h">
      <Filter>cereal\cereal\external\rapidjson</Filter>
    </ClInclude>
    <ClInclude Include="Source\cereal\cereal\external\rapidjson\encodings.h">
      <Filter>cereal\cereal\external\rapidjson</Filter>
    </ClInclude>
    <ClInclude Include="Source\cereal\cereal\external\rapidjson\error\en.h">
      <Filter>cereal\cereal\external\rapidjson\error</Filter>
    </ClInclude>
    <ClInclude Include="Source\cereal\cereal\external\rapidjson\error\error.h">
      <Filter>cereal\cereal\external\rapidjson\error</Filter>
    </ClInclude>
    <ClInclude Include="Source\cereal\cereal\external\rapidjson\filereadstream.h">
      <Filter>cereal\cereal\external\rapidjson</Filter>
    </ClInclude>
    <ClInclude Include="Source\cereal\cereal\external\rapidjson\filewritestream.h">
      <Filter>cereal\cereal\external\rapidjson</Filter>
    </ClInclude>
    <ClInclude Include="Source\cereal\cereal\external\rapidjson\fwd.h">
      <Filter>cereal\cereal\external\rapidjson</Filter>
    </ClInclude>
    <ClInclude Include="Source\cereal\cereal\external\rapidjson\internal\biginteger.h">
      <Filter>cereal\cereal\external\rapidjson\internal</Filter>
    </ClInclude>
    <ClInclude Include="Source\cereal\cereal\external\rapidjson\internal\diyfp.h">
      <Filter>cereal\cereal\external\rapidjson\internal</Filter>
    </ClInclude>
    <ClInclude Include="Source\cereal\cereal\external\rapidjson\internal\dtoa.h">
      <Filter>cereal\cereal\external\rapidjson\internal</Filter>
    </ClInclude>
    <ClInclude Include="Source\cereal\cereal\external\rapidjson\internal\ieee754.h">
      <Filter>cereal\cereal\external\rapidjson\internal</Filter>
    </ClInclude>
    <ClInclude Include="Source\cereal\cereal\external\rapidjson\internal\itoa.h">
      <Filter>cereal\cereal\external\rapidjson\internal</Filter>
    </ClInclude>
    <ClInclude Include="Source\cereal\cereal\external\rapidjson\internal\meta.h">
      <Filter>cereal\cereal\external\rapidjson\internal</Filter>
    </ClInclude>
    <ClInclude Include="Source\cereal\cereal\external\rapidjson\internal\pow10.h">
      <Filter>cereal\cereal\external\rapidjson\internal</Filter>
    </ClInclude>
    <ClInclude Include="Source\cereal\cereal\external\rapidjson\internal\regex.h">
      <Filter>cereal\cereal\external\rapidjson\internal</Filter>
    </ClInclude>
    <ClInclude Include="Source\cereal\cereal\external\rapidjson\internal\stack.h">
      <Filter>cereal\cereal\external\rapidjson\internal</Filter>
    </ClInclude>
    <ClInclude Include="Source\cereal\cereal\external\rapidjson\internal\strfunc.h">
      <Filter>cereal\cereal\external\rapidjson\internal</Filter>
    </ClInclude>
    <ClInclude Include="Source\cereal\cereal\external\rapidjson\internal\strtod.h">
      <Filter>cereal\cereal\external\rapidjson\internal</Filter>
    </ClInclude>
    <ClInclude Include="Source\cereal\cereal\external\rapidjson\internal\swap.h">
      <Filter>cereal\cereal\external\rapidjson\internal</Filter>
    </ClInclude>
    <ClInclude Include="Source\cereal\cereal\external\rapidjson\istreamwrapper.h">
      <Filter>cereal\cereal\external\rapidjson</Filter>
    </ClInclude>
    <ClInclude Include="Source\cereal\cereal\external\rapidjson\memorybuffer.h">
      <Filter>cereal\cereal\external\rapidjson</Filter>
    </ClInclude>
    <ClInclude Include="Source\cereal\cereal\external\rapidjson\memorystream.h">
      <Filter>cereal\cereal\external\rapidjson</Filter>
    </ClInclude>
    <ClInclude Include="Source\cereal\cereal\external\rapidjson\msinttypes\inttypes.h">
      <Filter>cereal\cereal\external\rapidjson\msinttypes</Filter>
    </ClInclude>
    <ClInclude Include="Source\cereal\cereal\external\rapidjson\msinttypes\stdint.h">
      <Filter>cereal\cereal\external\rapidjson\msinttypes</Filter>
    </ClInclude>
    <ClInclude Include="Source\cereal\cereal\external\rapidjson\ostreamwrapper.h">
      <Filter>cereal\cereal\external\rapidjson</Filter>
    </ClInclude>
    <ClInclude Include="Source\cereal\cereal\external\rapidjson\pointer.h">
      <Filter>cereal\cereal\external\rapidjson</Filter>
    </ClInclude>
    <ClInclude Include="Source\cereal\cereal\external\rapidjson\prettywriter.h">
      <Filter>cereal\cereal\external\rapidjson</Filter>
    </ClInclude>
    <ClInclude Include="Source\cereal\cereal\external\rapidjson\rapidjson.h">
      <Filter>cereal\cereal\external\rapidjson</Filter>
    </ClInclude>
    <ClInclude Include="Source\cereal\cereal\external\rapidjson\reader.h">
      <Filter>cereal\cereal\external\rapidjson</Filter>
    </ClInclude>
    <ClInclude Include="Source\cereal\cereal\external\rapidjson\schema.h">
      <Filter>cereal\cereal\external\rapidjson</Filter>
    </ClInclude>
    <ClInclude Include="Source\cereal\cereal\external\rapidjson\stream.h">
      <Filter>cereal\cereal\external\rapidjson</Filter>
    </ClInclude>
    <ClInclude Include="Source\cereal\cereal\external\rapidjson\stringbuffer.h">
      <Filter>cereal\cereal\external\rapidjson</Filter>
    </ClInclude>
    <ClInclude Include="Source\cereal\cereal\external\rapidjson\writer.h">
      <Filter>cereal\cereal\external\rapidjson</Filter>
    </ClInclude>
    <ClInclude Include="Source\cereal\cereal\external\rapidxml\rapidxml.hpp">
      <Filter>cereal\cereal\external\rapidxml</Filter>
    </ClInclude>
    <ClInclude Include="Source\cereal\cereal\external\rapidxml\rapidxml_iterators.hpp">
      <Filter>cereal\cereal\external\rapidxml</Filter>
    </ClInclude>
    <ClInclude Include="Source\cereal\cereal\external\rapidxml\rapidxml_print.hpp">
      <Filter>cereal\cereal\external\rapidxml</Filter>
    </ClInclude>
    <ClInclude Include="Source\cereal\cereal\external\rapidxml\rapidxml_utils.hpp">
      <Filter>cereal\cereal\external\rapidxml</Filter>
    </ClInclude>
    <ClInclude Include="Source\cereal\cereal\macros.hpp">
      <Filter>cereal\cereal</Filter>
    </ClInclude>
    <ClInclude Include="Source\cereal\cereal\specialize.hpp">
      <Filter>cereal\cereal</Filter>
    </ClInclude>
    <ClInclude Include="Source\cereal\cereal\types\array.hpp">
      <Filter>cereal\cereal\types</Filter>
    </ClInclude>
    <ClInclude Include="Source\cereal\cereal\types\atomic.hpp">
      <Filter>cereal\cereal\types</Filter>
    </ClInclude>
    <ClInclude Include="Source\cereal\cereal\types\base_class.hpp">
      <Filter>cereal\cereal\types</Filter>
    </ClInclude>
    <ClInclude Include="Source\cereal\cereal\types\bitset.hpp">
      <Filter>cereal\cereal\types</Filter>
    </ClInclude>
    <ClInclude Include="Source\cereal\cereal\types\boost_variant.hpp">
      <Filter>cereal\cereal\types</Filter>
    </ClInclude>
    <ClInclude Include="Source\cereal\cereal\types\chrono.hpp">
      <Filter>cereal\cereal\types</Filter>
    </ClInclude>
    <ClInclude Include="Source\cereal\cereal\types\common.hpp">
      <Filter>cereal\cereal\types</Filter>
    </ClInclude>
    <ClInclude Include="Source\cereal\cereal\types\complex.hpp">
      <Filter>cereal\cereal\types</Filter>
    </ClInclude>
    <ClInclude Include="Source\cereal\cereal\types\concepts\pair_associative_container.hpp">
      <Filter>cereal\cereal\types\concepts</Filter>
    </ClInclude>
    <ClInclude Include="Source\cereal\cereal\types\deque.hpp">
      <Filter>cereal\cereal\types</Filter>
    </ClInclude>
    <ClInclude Include="Source\cereal\cereal\types\forward_list.hpp">
      <Filter>cereal\cereal\types</Filter>
    </ClInclude>
    <ClInclude Include="Source\cereal\cereal\types\functional.hpp">
      <Filter>cereal\cereal\types</Filter>
    </ClInclude>
    <ClInclude Include="Source\cereal\cereal\types\list.hpp">
      <Filter>cereal\cereal\types</Filter>
    </ClInclude>
    <ClInclude Include="Source\cereal\cereal\types\map.hpp">
      <Filter>cereal\cereal\types</Filter>
    </ClInclude>
    <ClInclude Include="Source\cereal\cereal\types\memory.hpp">
      <Filter>cereal\cereal\types</Filter>
    </ClInclude>
    <ClInclude Include="Source\cereal\cereal\types\optional.hpp">
      <Filter>cereal\cereal\types</Filter>
    </ClInclude>
    <ClInclude Include="Source\cereal\cereal\types\polymorphic.hpp">
      <Filter>cereal\cereal\types</Filter>
    </ClInclude>
    <ClInclude Include="Source\cereal\cereal\types\queue.hpp">
      <Filter>cereal\cereal\types</Filter>
    </ClInclude>
    <ClInclude Include="Source\cereal\cereal\types\set.hpp">
      <Filter>cereal\cereal\types</Filter>
    </ClInclude>
    <ClInclude Include="Source\cereal\cereal\types\stack.hpp">
      <Filter>cereal\cereal\types</Filter>
    </ClInclude>
    <ClInclude Include="Source\cereal\cereal\types\string.hpp">
      <Filter>cereal\cereal\types</Filter>
    </ClInclude>
    <ClInclude Include="Source\cereal\cereal\types\tuple.hpp">
      <Filter>cereal\cereal\types</Filter>
    </ClInclude>
    <ClInclude Include="Source\cereal\cereal\types\unordered_map.hpp">
      <Filter>cereal\cereal\types</Filter>
    </ClInclude>
    <ClInclude Include="Source\cereal\cereal\types\unordered_set.hpp">
      <Filter>cereal\cereal\types</Filter>
    </ClInclude>
    <ClInclude Include="Source\cereal\cereal\types\utility.hpp">
      <Filter>cereal\cereal\types</Filter>
    </ClInclude>
    <ClInclude Include="Source\cereal\cereal\types\valarray.hpp">
      <Filter>cereal\cereal\types</Filter>
    </ClInclude>
    <ClInclude Include="Source\cereal\cereal\types\variant.hpp">
      <Filter>cereal\cereal\types</Filter>
    </ClInclude>
    <ClInclude Include="Source\cereal\cereal\types\vector.hpp">
      <Filter>cereal\cereal\types</Filter>
    </ClInclude>
    <ClInclude Include="Source\cereal\cereal\version.hpp">
      <Filter>cereal\cereal</Filter>
    </ClInclude>
    <ClInclude Include="Source\glfw-3.3.8.bin.WIN64\include\GLFW\glfw3.h">
      <Filter>glfw-3.3.8.bin.WIN64\include\GLFW</Filter>
    </ClInclude>
    <ClInclude Include="Source\glfw-3.3.8.bin.WIN64\include\GLFW\glfw3native.h">
      <Filter>glfw-3.3.8.bin.WIN64\include\GLFW</Filter>
    </ClInclude>
    <ClInclude Include="Source\imgui\include\imconfig.h">
      <Filter>imgui\include</Filter>
    </ClInclude>
    <ClInclude Include="Source\imgui\include\imgui.h">
      <Filter>imgui\include</Filter>
    </ClInclude>
    <ClInclude Include="Source\imgui\include\imgui_impl_dx11.h">
      <Filter>imgui\include</Filter>
    </ClInclude>
    <ClInclude Include="Source\imgui\include\imgui_impl_glfw.h">
      <Filter>imgui\include</Filter>
    </ClInclude>
    <ClInclude Include="Source\imgui\include\imgui_impl_win32.h">
      <Filter>imgui\include</Filter>
    </ClInclude>
    <ClInclude Include="Source\imgui\include\imgui_internal.h">
      <Filter>imgui\include</Filter>
    </ClInclude>
    <ClInclude Include="Source\imgui\include\imstb_rectpack.h">
      <Filter>imgui\include</Filter>
    </ClInclude>
    <ClInclude Include="Source\imgui\include\imstb_textedit.h">
      <Filter>imgui\include</Filter>
    </ClInclude>
    <ClInclude Include="Source\imgui\include\imstb_truetype.h">
      <Filter>imgui\include</Filter>
    </ClInclude>
    <ClInclude Include="Source\include\Application.hpp">
      <Filter>include</Filter>
    </ClInclude>
    <ClInclude Include="Source\include\Archetype.hpp">
      <Filter>include</Filter>
    </ClInclude>
    <ClInclude Include="Source\include\CameraComponent.hpp">
      <Filter>include</Filter>
    </ClInclude>
    <ClInclude Include="Source\include\CameraSystem.hpp">
      <Filter>include</Filter>
    </ClInclude>
    <ClInclude Include="Source\include\Component.hpp">
      <Filter>include</Filter>
    </ClInclude>
    <ClInclude Include="Source\include\ComponentIdentifier.hpp">
      <Filter>include</Filter>
    </ClInclude>
    <ClInclude Include="Source\include\ConfigManager.hpp">
      <Filter>include</Filter>
    </ClInclude>
    <ClInclude Include="Source\include\ConstantBufferBinder.hpp">
      <Filter>include</Filter>
    </ClInclude>
    <ClInclude Include="Source\include\ConstantBufferDefinitions.hpp">
      <Filter>include</Filter>
    </ClInclude>
    <ClInclude Include="Source\include\Constants.hpp">
      <Filter>include</Filter>
    </ClInclude>
    <ClInclude Include="Source\include\Definitions.hpp">
      <Filter>include</Filter>
    </ClInclude>
    <ClInclude Include="Source\include\DirectX11Context.hpp">
      <Filter>include</Filter>
    </ClInclude>
    <ClInclude Include="Source\include\DirectXSerialization.hpp">
      <Filter>include</Filter>
    </ClInclude>
    <ClInclude Include="Source\include\DirectionalLightComponent.hpp">
      <Filter>include</Filter>
    </ClInclude>
    <ClInclude Include="Source\include\ECS.hpp">
      <Filter>include</Filter>
    </ClInclude>
    <ClInclude Include="Source\include\ECSDebugger.hpp">
      <Filter>include</Filter>
    </ClInclude>
    <ClInclude Include="Source\include\Entity.hpp">
      <Filter>include</Filter>
    </ClInclude>
    <ClInclude Include="Source\include\EntityMonitoringSystem.hpp">
      <Filter>include</Filter>
    </ClInclude>
    <ClInclude Include="Source\include\GraphicsContext.hpp">
      <Filter>include</Filter>
    </ClInclude>
    <ClInclude Include="Source\include\Heightmap.hpp">
      <Filter>include</Filter>
    </ClInclude>
    <ClInclude Include="Source\include\IMonitorable.hpp">
      <Filter>include</Filter>
    </ClInclude>
    <ClInclude Include="Source\include\InstanceRendererSystem.hpp">
      <Filter>include</Filter>
    </ClInclude>
    <ClInclude Include="Source\include\IntVectors.hpp">
      <Filter>include</Filter>
    </ClInclude>
    <ClInclude Include="Source\include\LightComponent.hpp">
      <Filter>include</Filter>
    </ClInclude>
    <ClInclude Include="Source\include\LightingSystem.hpp">
      <Filter>include</Filter>
    </ClInclude>
    <ClInclude Include="Source\include\Logging.hpp">
      <Filter>include</Filter>
    </ClInclude>
    <ClInclude Include="Source\include\MaterialComponent.hpp">
      <Filter>include</Filter>
    </ClInclude>
    <ClInclude Include="Source\include\MeshComponent.hpp">
      <Filter>include</Filter>
    </ClInclude>
    <ClInclude Include="Source\include\RenderingApplication3D.hpp">
      <Filter>include</Filter>
    </ClInclude>
    <ClInclude Include="Source\include\ResourceMonitor.hpp">
      <Filter>include</Filter>
    </ClInclude>
    <ClInclude Include="Source\include\ShaderCollection.hpp">
      <Filter>include</Filter>
    </ClInclude>
    <ClInclude Include="Source\include\ShaderManager.hpp">
      <Filter>include</Filter>
    </ClInclude>
    <ClInclude Include="Source\include\System.hpp">
      <Filter>include</Filter>
    </ClInclude>
    <ClInclude Include="Source\include\Terrain.hpp">
      <Filter>include</Filter>
    </ClInclude>
    <ClInclude Include="Source\include\TerrainComponent.hpp">
      <Filter>include</Filter>
    </ClInclude>
    <ClInclude Include="Source\include\TextureManager.hpp">
      <Filter>include</Filter>
    </ClInclude>
    <ClInclude Include="Source\include\TransformComponent.hpp">
      <Filter>include</Filter>
    </ClInclude>
    <ClInclude Include="Source\include\VertexType.hpp">
      <Filter>include</Filter>
    </ClInclude>
    <ClInclude Include="Source\include\VulkanContext.hpp">
      <Filter>include</Filter>
    </ClInclude>
    <ClInclude Include="Source\nlohmannjson\json.hpp">
      <Filter>nlohmannjson</Filter>
    </ClInclude>
  </ItemGroup>
  <ItemGroup>
    <ClCompile Include="Source\Engine\3DObjects\Heightmap.cpp">
      <Filter>Engine\3DObjects</Filter>
    </ClCompile>
    <ClCompile Include="Source\Engine\3DObjects\Terrain.cpp">
      <Filter>Engine\3DObjects</Filter>
    </ClCompile>
    <ClCompile Include="Source\Engine\Application\Application.cpp">
      <Filter>Engine\Application</Filter>
    </ClCompile>
    <ClCompile Include="Source\Engine\Application\RenderingApplication3D.cpp">
      <Filter>Engine\Application</Filter>
    </ClCompile>
    <ClCompile Include="Source\Engine\Config\ConfigManager.cpp">
      <Filter>Engine\Config</Filter>
    </ClCompile>
    <ClCompile Include="Source\Engine\ECS\Archetype.cpp">
      <Filter>Engine\ECS</Filter>
    </ClCompile>
    <ClCompile Include="Source\Engine\ECS\Component.cpp">
      <Filter>Engine\ECS</Filter>
    </ClCompile>
    <ClCompile Include="Source\Engine\ECS\ComponentIdentifier.cpp">
      <Filter>Engine\ECS</Filter>
    </ClCompile>
    <ClCompile Include="Source\Engine\ECS\Components\CameraComponent.cpp">
      <Filter>Engine\ECS\Components</Filter>
    </ClCompile>
    <ClCompile Include="Source\Engine\ECS\Components\DirectionalLightComponent.cpp">
      <Filter>Engine\ECS\Components</Filter>
    </ClCompile>
    <ClCompile Include="Source\Engine\ECS\Components\LightComponent.cpp">
      <Filter>Engine\ECS\Components</Filter>
    </ClCompile>
    <ClCompile Include="Source\Engine\ECS\Components\MaterialComponent.cpp">
      <Filter>Engine\ECS\Components</Filter>
    </ClCompile>
    <ClCompile Include="Source\Engine\ECS\Components\MeshComponent.cpp">
      <Filter>Engine\ECS\Components</Filter>
    </ClCompile>
    <ClCompile Include="Source\Engine\ECS\Components\TerrainComponent.cpp">
      <Filter>Engine\ECS\Components</Filter>
    </ClCompile>
    <ClCompile Include="Source\Engine\ECS\Components\TransformComponent.cpp">
      <Filter>Engine\ECS\Components</Filter>
    </ClCompile>
    <ClCompile Include="Source\Engine\ECS\ECS.cpp">
      <Filter>Engine\ECS</Filter>
    </ClCompile>
    <ClCompile Include="Source\Engine\ECS\ECSDebugger.cpp">
      <Filter>Engine\ECS</Filter>
    </ClCompile>
    <ClCompile Include="Source\Engine\ECS\Entity.cpp">
      <Filter>Engine\ECS</Filter>
    </ClCompile>
    <ClCompile Include="Source\Engine\ECS\System.cpp">
      <Filter>Engine\ECS</Filter>
    </ClCompile>
    <ClCompile Include="Source\Engine\ECS\Systems\CameraSystem.cpp">
      <Filter>Engine\ECS\Systems</Filter>
    </ClCompile>
    <ClCompile Include="Source\Engine\ECS\Systems\EntityMonitoringSystem.cpp">
      <Filter>Engine\ECS\Systems</Filter>
    </ClCompile>
    <ClCompile Include="Source\Engine\ECS\Systems\InstanceRendererSystem.cpp">
      <Filter>Engine\ECS\Systems</Filter>
    </ClCompile>
    <ClCompile Include="Source\Engine\ECS\Systems\LightingSystem.cpp">
      <Filter>Engine\ECS\Systems</Filter>
    </ClCompile>
    <ClCompile Include="Source\Engine\GraphicsAPI\DirectX11Context.cpp">
      <Filter>Engine\GraphicsAPI</Filter>
    </ClCompile>
    <ClCompile Include="Source\Engine\GraphicsAPI\GraphicsContext.cpp">
      <Filter>Engine\GraphicsAPI</Filter>
    </ClCompile>
    <ClCompile Include="Source\Engine\GraphicsAPI\VulkanContext.cpp">
      <Filter>Engine\GraphicsAPI</Filter>
    </ClCompile>
    <ClCompile Include="Source\Engine\Shaders\ConstantBufferBinder.cpp">
      <Filter>Engine\Shaders</Filter>
    </ClCompile>
    <ClCompile Include="Source\Engine\Shaders\ShaderCollection.cpp">
      <Filter>Engine\Shaders</Filter>
    </ClCompile>
    <ClCompile Include="Source\Engine\Shaders\ShaderManager.cpp">
      <Filter>Engine\Shaders</Filter>
    </ClCompile>
    <ClCompile Include="Source\Engine\Shaders\TextureManager.cpp">
      <Filter>Engine\Shaders</Filter>
    </ClCompile>
    <ClCompile Include="Source\Engine\Vectors\IntVectors.cpp">
      <Filter>Engine\Vectors</Filter>
    </ClCompile>
    <ClCompile Include="Source\imgui\imgui.cpp">
      <Filter>imgui</Filter>
    </ClCompile>
    <ClCompile Include="Source\imgui\imgui_demo.cpp">
      <Filter>imgui</Filter>
    </ClCompile>
    <ClCompile Include="Source\imgui\imgui_draw.cpp">
      <Filter>imgui</Filter>
    </ClCompile>
    <ClCompile Include="Source\imgui\imgui_impl_dx11.cpp">
      <Filter>imgui</Filter>
    </ClCompile>
    <ClCompile Include="Source\imgui\imgui_impl_glfw.cpp">
      <Filter>imgui</Filter>
    </ClCompile>
    <ClCompile Include="Source\imgui\imgui_impl_win32.cpp">
      <Filter>imgui</Filter>
    </ClCompile>
    <ClCompile Include="Source\imgui\imgui_tables.cpp">
      <Filter>imgui</Filter>
    </ClCompile>
    <ClCompile Include="Source\imgui\imgui_widgets.cpp">
      <Filter>imgui</Filter>
    </ClCompile>
  </ItemGroup>
</Project>