<?xml version="1.0" encoding="utf-8"?>
<Project ToolsVersion="4.0" xmlns="http://schemas.microsoft.com/developer/msbuild/2003">
  <ItemGroup>
    <Filter Include="Assets">
      <UniqueIdentifier>{3824E0A7-24C6-0A7E-0D81-1ED2F9C191CE}</UniqueIdentifier>
    </Filter>
    <Filter Include="Assets\Shaders">
      <UniqueIdentifier>{1101E1D1-FDCE-D4D7-E662-45FED2CFB03C}</UniqueIdentifier>
    </Filter>
  </ItemGroup>
  <ItemGroup>
    <ClCompile Include="Source\Main.cpp" />
    <ClCompile Include="Source\Universe.cpp" />
    <ClCompile Include="Source\World.cpp" />
    <ClCompile Include="Source\WorldHierarchy.cpp" />
    <ClCompile Include="Source\Editor.cpp" />
    <ClCompile Include="Source\EditorUIManagerSystem.cpp" />
  </ItemGroup>
  <ItemGroup>
    <ClInclude Include="Source\Universe.hpp" />
    <ClInclude Include="Source\World.hpp" />
    <ClInclude Include="Source\WorldHierarchy.hpp" />
    <ClInclude Include="Source\Editor.hpp" />
    <ClInclude Include="Source\EditorUIManagerSystem.hpp" />
  </ItemGroup>
</Project>